
Microsoft Visual Studio Solution File, Format Version 12.00
# Visual Studio Version 16
VisualStudioVersion = 16.0.33423.256
MinimumVisualStudioVersion = 10.0.40219.1
Project("{FAE04EC0-301F-11D3-BF4B-00C04F79EFBC}") = "ADVT_ERP", "ADVT_ERP\ADVT_ERP.csproj", "{7414DCE2-7DE1-449B-A593-9574EA5830FE}"
EndProject
Global
	GlobalSection(SolutionConfigurationPlatforms) = preSolution
		Debug|Any CPU = Debug|Any CPU
		Release|Any CPU = Release|Any CPU
	EndGlobalSection
	GlobalSection(ProjectConfigurationPlatforms) = postSolution
		{7414DCE2-7DE1-449B-A593-9574EA5830FE}.Debug|Any CPU.ActiveCfg = Debug|Any CPU
		{7414DCE2-7DE1-449B-A593-9574EA5830FE}.Debug|Any CPU.Build.0 = Debug|Any CPU
		{7414DCE2-7DE1-449B-A593-9574EA5830FE}.Release|Any CPU.ActiveCfg = Release|Any CPU
		{7414DCE2-7DE1-449B-A593-9574EA5830FE}.Release|Any CPU.Build.0 = Release|Any CPU
	EndGlobalSection
	GlobalSection(SolutionProperties) = preSolution
		HideSolutionNode = FALSE
	EndGlobalSection
	GlobalSection(ExtensibilityGlobals) = postSolution
		SolutionGuid = {3620E60C-F255-4025-BF3F-25A80AA656BE}
	EndGlobalSection
EndGlobal
